{
    "_readme": [
        "This file locks the dependencies of your project to a known state",
        "Read more about it at http://getcomposer.org/doc/01-basic-usage.md#composer-lock-the-lock-file",
        "This file is @generated automatically"
    ],
    "hash": "b75768b7b7bada33e7f3cd54e614b075",
    "packages": [
        {
            "name": "hhvm/xhp",
            "version": "dev-master",
            "source": {
                "type": "git",
                "url": "https://github.com/pvh/xhp.git",
                "reference": "9cdafcf262d2c420c0d026880352ef94501632dc"
            },
            "dist": {
                "type": "zip",
                "url": "https://api.github.com/repos/pvh/xhp/zipball/9cdafcf262d2c420c0d026880352ef94501632dc",
                "reference": "9cdafcf262d2c420c0d026880352ef94501632dc",
                "shasum": ""
            },
            "type": "library",
            "autoload": {
                "files": [
                    "src/init.php"
                ]
            },
            "notification-url": "https://packagist.org/downloads/",
            "time": "2014-05-23 09:36:03"
        }
    ],
    "packages-dev": [],
    "aliases": [],
    "minimum-stability": "stable",
    "stability-flags": {
        "hhvm/xhp": 20
    },
    "prefer-stable": false,
    "platform": [],
    "platform-dev": []
}
